
Microsoft Visual Studio Solution File, Format Version 11.00
# Visual Studio 2010
Project("{FAE04EC0-301F-11D3-BF4B-00C04F79EFBC}") = "Videoteca", "Videoteca\Videoteca.csproj", "{EE5D6D00-F509-46B5-AF8B-616DBD5D973A}"
EndProject
Global
	GlobalSection(SolutionConfigurationPlatforms) = preSolution
		Debug|Any CPU = Debug|Any CPU
		Release|Any CPU = Release|Any CPU
	EndGlobalSection
	GlobalSection(ProjectConfigurationPlatforms) = postSolution
		{EE5D6D00-F509-46B5-AF8B-616DBD5D973A}.Debug|Any CPU.ActiveCfg = Debug|Any CPU
		{EE5D6D00-F509-46B5-AF8B-616DBD5D973A}.Debug|Any CPU.Build.0 = Debug|Any CPU
		{EE5D6D00-F509-46B5-AF8B-616DBD5D973A}.Release|Any CPU.ActiveCfg = Release|Any CPU
		{EE5D6D00-F509-46B5-AF8B-616DBD5D973A}.Release|Any CPU.Build.0 = Release|Any CPU
	EndGlobalSection
	GlobalSection(SolutionProperties) = preSolution
		HideSolutionNode = FALSE
	EndGlobalSection
EndGlobal
